speakeasyVersion: 1.299.4
sources:
    openapi:
        sourceNamespace: openapi
        sourceRevisionDigest: sha256:32db44be6df7bd5804c82aafb398d22827cb1bc093a0a4b1686325164a853596
        sourceBlobDigest: sha256:a894c4aa8581349622a8c5d19dbc975af7d21e0aff374c7575b199c35ba8aa2b
        tags:
            - latest
            - main
targets:
    first-target:
        source: openapi
        sourceNamespace: openapi
        sourceRevisionDigest: sha256:32db44be6df7bd5804c82aafb398d22827cb1bc093a0a4b1686325164a853596
        sourceBlobDigest: sha256:a894c4aa8581349622a8c5d19dbc975af7d21e0aff374c7575b199c35ba8aa2b
        outLocation: /github/workspace/repo
workflow:
    workflowVersion: 1.0.0
    speakeasyVersion: latest
    sources:
        openapi:
            inputs:
                - location: https://raw.githubusercontent.com/OAI/OpenAPI-Specification/main/examples/v3.0/petstore.yaml
            registry:
                location: registry.speakeasyapi.dev/ryan-local/ryan-local/openapi
    targets:
        first-target:
            target: typescript
            source: openapi
            publish:
                npm:
                    token: $npm_token
            codeSamples:
                output: codeSamples.yaml
