speakeasyVersion: 1.299.3
sources:
    openapi:
        sourceNamespace: openapi
        sourceRevisionDigest: sha256:712ac39922dcac1210d5236241f19f1ca481741eeb536939a21077db1ac1fa34
        sourceBlobDigest: sha256:9872c32b853398e7562c672cdd59d22276c7695c2c181e4ac6e3de51a80c719a
        tags:
            - latest
            - main
targets:
    first-target:
        source: openapi
        sourceNamespace: openapi
        sourceRevisionDigest: sha256:712ac39922dcac1210d5236241f19f1ca481741eeb536939a21077db1ac1fa34
        sourceBlobDigest: sha256:9872c32b853398e7562c672cdd59d22276c7695c2c181e4ac6e3de51a80c719a
        outLocation: /github/workspace/repo
workflow:
    workflowVersion: 1.0.0
    speakeasyVersion: latest
    sources:
        openapi:
            inputs:
                - location: https://raw.githubusercontent.com/OAI/OpenAPI-Specification/main/examples/v3.0/petstore.yaml
            registry:
                location: registry.speakeasyapi.dev/ryan-local/ryan-local/openapi
    targets:
        first-target:
            target: typescript
            source: openapi
            publish:
                npm:
                    token: $npm_token
            codeSamples:
                output: codeSamples.yaml
